
Microsoft Visual Studio Solution File, Format Version 12.00
# Visual Studio Version 17
VisualStudioVersion = 17.11.35222.181
MinimumVisualStudioVersion = 10.0.40219.1
Project("{FAE04EC0-301F-11D3-BF4B-00C04F79EFBC}") = "TheMovies", "TheMovies\TheMovies.csproj", "{299FA10C-5F75-4BCC-A317-3F0435A25672}"
EndProject
Global
	GlobalSection(SolutionConfigurationPlatforms) = preSolution
		Debug|Any CPU = Debug|Any CPU
		Release|Any CPU = Release|Any CPU
	EndGlobalSection
	GlobalSection(ProjectConfigurationPlatforms) = postSolution
		{299FA10C-5F75-4BCC-A317-3F0435A25672}.Debug|Any CPU.ActiveCfg = Debug|Any CPU
		{299FA10C-5F75-4BCC-A317-3F0435A25672}.Debug|Any CPU.Build.0 = Debug|Any CPU
		{299FA10C-5F75-4BCC-A317-3F0435A25672}.Release|Any CPU.ActiveCfg = Release|Any CPU
		{299FA10C-5F75-4BCC-A317-3F0435A25672}.Release|Any CPU.Build.0 = Release|Any CPU
	EndGlobalSection
	GlobalSection(SolutionProperties) = preSolution
		HideSolutionNode = FALSE
	EndGlobalSection
	GlobalSection(ExtensibilityGlobals) = postSolution
		SolutionGuid = {8B2230CC-7AB2-42C0-870B-B00F3AB25C2D}
	EndGlobalSection
EndGlobal
